
Microsoft Visual Studio Solution File, Format Version 12.00
# Visual Studio 15
VisualStudioVersion = 15.0.33026.149
MinimumVisualStudioVersion = 10.0.40219.1
Project("{6989167D-11E4-40FE-8C1A-2192A86A7E90}") = "Cleanup", "Cleanup\Cleanup.vfproj", "{966EF217-B156-48FF-8BE1-B49F8A90E062}"
EndProject
Global
	GlobalSection(SolutionConfigurationPlatforms) = preSolution
		Debug|x86 = Debug|x86
		Release|x86 = Release|x86
	EndGlobalSection
	GlobalSection(ProjectConfigurationPlatforms) = postSolution
		{966EF217-B156-48FF-8BE1-B49F8A90E062}.Debug|x86.ActiveCfg = Debug|Win32
		{966EF217-B156-48FF-8BE1-B49F8A90E062}.Debug|x86.Build.0 = Debug|Win32
		{966EF217-B156-48FF-8BE1-B49F8A90E062}.Release|x86.ActiveCfg = Release|Win32
		{966EF217-B156-48FF-8BE1-B49F8A90E062}.Release|x86.Build.0 = Release|Win32
	EndGlobalSection
	GlobalSection(SolutionProperties) = preSolution
		HideSolutionNode = FALSE
	EndGlobalSection
	GlobalSection(ExtensibilityGlobals) = postSolution
		SolutionGuid = {01FA2316-D9D6-42AD-A37F-39A99A505627}
	EndGlobalSection
EndGlobal
