
Microsoft Visual Studio Solution File, Format Version 12.00
# Visual Studio 15
VisualStudioVersion = 15.0.33026.149
MinimumVisualStudioVersion = 10.0.40219.1
Project("{6989167D-11E4-40FE-8C1A-2192A86A7E90}") = "RockPaperScissorTournament", "RockPaperScissorTournament\RockPaperScissorTournament.vfproj", "{DB675C5C-32CD-4B6C-ABE5-1D31B73F4FAC}"
EndProject
Global
	GlobalSection(SolutionConfigurationPlatforms) = preSolution
		Debug|x86 = Debug|x86
		Release|x86 = Release|x86
	EndGlobalSection
	GlobalSection(ProjectConfigurationPlatforms) = postSolution
		{DB675C5C-32CD-4B6C-ABE5-1D31B73F4FAC}.Debug|x86.ActiveCfg = Debug|Win32
		{DB675C5C-32CD-4B6C-ABE5-1D31B73F4FAC}.Debug|x86.Build.0 = Debug|Win32
		{DB675C5C-32CD-4B6C-ABE5-1D31B73F4FAC}.Release|x86.ActiveCfg = Release|Win32
		{DB675C5C-32CD-4B6C-ABE5-1D31B73F4FAC}.Release|x86.Build.0 = Release|Win32
	EndGlobalSection
	GlobalSection(SolutionProperties) = preSolution
		HideSolutionNode = FALSE
	EndGlobalSection
	GlobalSection(ExtensibilityGlobals) = postSolution
		SolutionGuid = {3C6B62D9-BE63-412C-A3D9-3C86E0366FB2}
	EndGlobalSection
EndGlobal
